// !$*UTF8*$!
{
	archiveVersion = 1;
	classes = {
	};
	objectVersion = 50;
	objects = {

/* Begin PBXBuildFile section */
		08CF7C242665669A0029A74D /* ExtensionColor.swift in Sources */ = {isa = PBXBuildFile; fileRef = 08CF7C232665669A0029A74D /* ExtensionColor.swift */; };
		220516AA26656231003AD414 /* AppDelegate.swift in Sources */ = {isa = PBXBuildFile; fileRef = 220516A926656231003AD414 /* AppDelegate.swift */; };
		220516AC26656231003AD414 /* GameScene.sks in Resources */ = {isa = PBXBuildFile; fileRef = 220516AB26656231003AD414 /* GameScene.sks */; };
		220516AE26656231003AD414 /* Actions.sks in Resources */ = {isa = PBXBuildFile; fileRef = 220516AD26656231003AD414 /* Actions.sks */; };
		220516B026656231003AD414 /* GameScene.swift in Sources */ = {isa = PBXBuildFile; fileRef = 220516AF26656231003AD414 /* GameScene.swift */; };
		220516B226656231003AD414 /* GameViewController.swift in Sources */ = {isa = PBXBuildFile; fileRef = 220516B126656231003AD414 /* GameViewController.swift */; };
		220516B526656231003AD414 /* Main.storyboard in Resources */ = {isa = PBXBuildFile; fileRef = 220516B326656231003AD414 /* Main.storyboard */; };
		220516B726656233003AD414 /* Assets.xcassets in Resources */ = {isa = PBXBuildFile; fileRef = 220516B626656233003AD414 /* Assets.xcassets */; };
		220516BA26656233003AD414 /* LaunchScreen.storyboard in Resources */ = {isa = PBXBuildFile; fileRef = 220516B826656233003AD414 /* LaunchScreen.storyboard */; };
		BE79E523266572AF00494866 /* Player.swift in Sources */ = {isa = PBXBuildFile; fileRef = BE79E522266572AF00494866 /* Player.swift */; };
		BE79E5252665792D00494866 /* Constants.swift in Sources */ = {isa = PBXBuildFile; fileRef = BE79E5242665792D00494866 /* Constants.swift */; };
/* End PBXBuildFile section */

/* Begin PBXFileReference section */
		08CF7C232665669A0029A74D /* ExtensionColor.swift */ = {isa = PBXFileReference; lastKnownFileType = sourcecode.swift; path = ExtensionColor.swift; sourceTree = "<group>"; };
		220516A626656231003AD414 /* nostalgia.app */ = {isa = PBXFileReference; explicitFileType = wrapper.application; includeInIndex = 0; path = nostalgia.app; sourceTree = BUILT_PRODUCTS_DIR; };
		220516A926656231003AD414 /* AppDelegate.swift */ = {isa = PBXFileReference; lastKnownFileType = sourcecode.swift; path = AppDelegate.swift; sourceTree = "<group>"; };
		220516AB26656231003AD414 /* GameScene.sks */ = {isa = PBXFileReference; lastKnownFileType = file.sks; path = GameScene.sks; sourceTree = "<group>"; };
		220516AD26656231003AD414 /* Actions.sks */ = {isa = PBXFileReference; lastKnownFileType = file.sks; path = Actions.sks; sourceTree = "<group>"; };
		220516AF26656231003AD414 /* GameScene.swift */ = {isa = PBXFileReference; lastKnownFileType = sourcecode.swift; path = GameScene.swift; sourceTree = "<group>"; };
		220516B126656231003AD414 /* GameViewController.swift */ = {isa = PBXFileReference; lastKnownFileType = sourcecode.swift; path = GameViewController.swift; sourceTree = "<group>"; };
		220516B426656231003AD414 /* Base */ = {isa = PBXFileReference; lastKnownFileType = file.storyboard; name = Base; path = Base.lproj/Main.storyboard; sourceTree = "<group>"; };
		220516B626656233003AD414 /* Assets.xcassets */ = {isa = PBXFileReference; lastKnownFileType = folder.assetcatalog; path = Assets.xcassets; sourceTree = "<group>"; };
		220516B926656233003AD414 /* Base */ = {isa = PBXFileReference; lastKnownFileType = file.storyboard; name = Base; path = Base.lproj/LaunchScreen.storyboard; sourceTree = "<group>"; };
		220516BB26656233003AD414 /* Info.plist */ = {isa = PBXFileReference; lastKnownFileType = text.plist.xml; path = Info.plist; sourceTree = "<group>"; };
		BE79E522266572AF00494866 /* Player.swift */ = {isa = PBXFileReference; lastKnownFileType = sourcecode.swift; path = Player.swift; sourceTree = "<group>"; };
		BE79E5242665792D00494866 /* Constants.swift */ = {isa = PBXFileReference; lastKnownFileType = sourcecode.swift; path = Constants.swift; sourceTree = "<group>"; };
/* End PBXFileReference section */

/* Begin PBXFrameworksBuildPhase section */
		220516A326656231003AD414 /* Frameworks */ = {
			isa = PBXFrameworksBuildPhase;
			buildActionMask = 2147483647;
			files = (
			);
			runOnlyForDeploymentPostprocessing = 0;
		};
/* End PBXFrameworksBuildPhase section */

/* Begin PBXGroup section */
		08CF7C222665667B0029A74D /* Extensions */ = {
			isa = PBXGroup;
			children = (
				08CF7C232665669A0029A74D /* ExtensionColor.swift */,
				BE79E5242665792D00494866 /* Constants.swift */,
			);
			path = Extensions;
			sourceTree = "<group>";
		};
		2205169D26656231003AD414 = {
			isa = PBXGroup;
			children = (
				220516A826656231003AD414 /* nostalgia */,
				220516A726656231003AD414 /* Products */,
			);
			sourceTree = "<group>";
		};
		220516A726656231003AD414 /* Products */ = {
			isa = PBXGroup;
			children = (
				220516A626656231003AD414 /* nostalgia.app */,
			);
			name = Products;
			sourceTree = "<group>";
		};
		220516A826656231003AD414 /* nostalgia */ = {
			isa = PBXGroup;
			children = (
				08CF7C222665667B0029A74D /* Extensions */,
				220516A926656231003AD414 /* AppDelegate.swift */,
				220516AB26656231003AD414 /* GameScene.sks */,
				220516AD26656231003AD414 /* Actions.sks */,
				220516AF26656231003AD414 /* GameScene.swift */,
				220516B126656231003AD414 /* GameViewController.swift */,
				220516B326656231003AD414 /* Main.storyboard */,
				220516B626656233003AD414 /* Assets.xcassets */,
				220516B826656233003AD414 /* LaunchScreen.storyboard */,
				220516BB26656233003AD414 /* Info.plist */,
				BE79E522266572AF00494866 /* Player.swift */,
			);
			path = nostalgia;
			sourceTree = "<group>";
		};
/* End PBXGroup section */

/* Begin PBXNativeTarget section */
		220516A526656231003AD414 /* nostalgia */ = {
			isa = PBXNativeTarget;
			buildConfigurationList = 220516BE26656233003AD414 /* Build configuration list for PBXNativeTarget "nostalgia" */;
			buildPhases = (
				220516A226656231003AD414 /* Sources */,
				220516A326656231003AD414 /* Frameworks */,
				220516A426656231003AD414 /* Resources */,
			);
			buildRules = (
			);
			dependencies = (
			);
			name = nostalgia;
			productName = nostalgia;
			productReference = 220516A626656231003AD414 /* nostalgia.app */;
			productType = "com.apple.product-type.application";
		};
/* End PBXNativeTarget section */

/* Begin PBXProject section */
		2205169E26656231003AD414 /* Project object */ = {
			isa = PBXProject;
			attributes = {
				LastSwiftUpdateCheck = 1250;
				LastUpgradeCheck = 1250;
				TargetAttributes = {
					220516A526656231003AD414 = {
						CreatedOnToolsVersion = 12.5;
					};
				};
			};
			buildConfigurationList = 220516A126656231003AD414 /* Build configuration list for PBXProject "nostalgia" */;
			compatibilityVersion = "Xcode 9.3";
			developmentRegion = en;
			hasScannedForEncodings = 0;
			knownRegions = (
				en,
				Base,
			);
			mainGroup = 2205169D26656231003AD414;
			productRefGroup = 220516A726656231003AD414 /* Products */;
			projectDirPath = "";
			projectRoot = "";
			targets = (
				220516A526656231003AD414 /* nostalgia */,
			);
		};
/* End PBXProject section */

/* Begin PBXResourcesBuildPhase section */
		220516A426656231003AD414 /* Resources */ = {
			isa = PBXResourcesBuildPhase;
			buildActionMask = 2147483647;
			files = (
				220516B526656231003AD414 /* Main.storyboard in Resources */,
				220516AC26656231003AD414 /* GameScene.sks in Resources */,
				220516B726656233003AD414 /* Assets.xcassets in Resources */,
				220516BA26656233003AD414 /* LaunchScreen.storyboard in Resources */,
				220516AE26656231003AD414 /* Actions.sks in Resources */,
			);
			runOnlyForDeploymentPostprocessing = 0;
		};
/* End PBXResourcesBuildPhase section */

/* Begin PBXSourcesBuildPhase section */
		220516A226656231003AD414 /* Sources */ = {
			isa = PBXSourcesBuildPhase;
			buildActionMask = 2147483647;
			files = (
				220516B026656231003AD414 /* GameScene.swift in Sources */,
				220516B226656231003AD414 /* GameViewController.swift in Sources */,
				220516AA26656231003AD414 /* AppDelegate.swift in Sources */,
				BE79E523266572AF00494866 /* Player.swift in Sources */,
				08CF7C242665669A0029A74D /* ExtensionColor.swift in Sources */,
				BE79E5252665792D00494866 /* Constants.swift in Sources */,
			);
			runOnlyForDeploymentPostprocessing = 0;
		};
/* End PBXSourcesBuildPhase section */

/* Begin PBXVariantGroup section */
		220516B326656231003AD414 /* Main.storyboard */ = {
			isa = PBXVariantGroup;
			children = (
				220516B426656231003AD414 /* Base */,
			);
			name = Main.storyboard;
			sourceTree = "<group>";
		};
		220516B826656233003AD414 /* LaunchScreen.storyboard */ = {
			isa = PBXVariantGroup;
			children = (
				220516B926656233003AD414 /* Base */,
			);
			name = LaunchScreen.storyboard;
			sourceTree = "<group>";
		};
/* End PBXVariantGroup section */

/* Begin XCBuildConfiguration section */
		220516BC26656233003AD414 /* Debug */ = {
			isa = XCBuildConfiguration;
			buildSettings = {
				ALWAYS_SEARCH_USER_PATHS = NO;
				CLANG_ANALYZER_NONNULL = YES;
				CLANG_ANALYZER_NUMBER_OBJECT_CONVERSION = YES_AGGRESSIVE;
				CLANG_CXX_LANGUAGE_STANDARD = "gnu++14";
				CLANG_CXX_LIBRARY = "libc++";
				CLANG_ENABLE_MODULES = YES;
				CLANG_ENABLE_OBJC_ARC = YES;
				CLANG_ENABLE_OBJC_WEAK = YES;
				CLANG_WARN_BLOCK_CAPTURE_AUTORELEASING = YES;
				CLANG_WARN_BOOL_CONVERSION = YES;
				CLANG_WARN_COMMA = YES;
				CLANG_WARN_CONSTANT_CONVERSION = YES;
				CLANG_WARN_DEPRECATED_OBJC_IMPLEMENTATIONS = YES;
				CLANG_WARN_DIRECT_OBJC_ISA_USAGE = YES_ERROR;
				CLANG_WARN_DOCUMENTATION_COMMENTS = YES;
				CLANG_WARN_EMPTY_BODY = YES;
				CLANG_WARN_ENUM_CONVERSION = YES;
				CLANG_WARN_INFINITE_RECURSION = YES;
				CLANG_WARN_INT_CONVERSION = YES;
				CLANG_WARN_NON_LITERAL_NULL_CONVERSION = YES;
				CLANG_WARN_OBJC_IMPLICIT_RETAIN_SELF = YES;
				CLANG_WARN_OBJC_LITERAL_CONVERSION = YES;
				CLANG_WARN_OBJC_ROOT_CLASS = YES_ERROR;
				CLANG_WARN_QUOTED_INCLUDE_IN_FRAMEWORK_HEADER = YES;
				CLANG_WARN_RANGE_LOOP_ANALYSIS = YES;
				CLANG_WARN_STRICT_PROTOTYPES = YES;
				CLANG_WARN_SUSPICIOUS_MOVE = YES;
				CLANG_WARN_UNGUARDED_AVAILABILITY = YES_AGGRESSIVE;
				CLANG_WARN_UNREACHABLE_CODE = YES;
				CLANG_WARN__DUPLICATE_METHOD_MATCH = YES;
				COPY_PHASE_STRIP = NO;
				DEBUG_INFORMATION_FORMAT = dwarf;
				ENABLE_STRICT_OBJC_MSGSEND = YES;
				ENABLE_TESTABILITY = YES;
				GCC_C_LANGUAGE_STANDARD = gnu11;
				GCC_DYNAMIC_NO_PIC = NO;
				GCC_NO_COMMON_BLOCKS = YES;
				GCC_OPTIMIZATION_LEVEL = 0;
				GCC_PREPROCESSOR_DEFINITIONS = (
					"DEBUG=1",
					"$(inherited)",
				);
				GCC_WARN_64_TO_32_BIT_CONVERSION = YES;
				GCC_WARN_ABOUT_RETURN_TYPE = YES_ERROR;
				GCC_WARN_UNDECLARED_SELECTOR = YES;
				GCC_WARN_UNINITIALIZED_AUTOS = YES_AGGRESSIVE;
				GCC_WARN_UNUSED_FUNCTION = YES;
				GCC_WARN_UNUSED_VARIABLE = YES;
				MTL_ENABLE_DEBUG_INFO = INCLUDE_SOURCE;
				MTL_FAST_MATH = YES;
				ONLY_ACTIVE_ARCH = YES;
				SDKROOT = appletvos;
				SWIFT_ACTIVE_COMPILATION_CONDITIONS = DEBUG;
				SWIFT_OPTIMIZATION_LEVEL = "-Onone";
				TVOS_DEPLOYMENT_TARGET = 14.5;
			};
			name = Debug;
		};
		220516BD26656233003AD414 /* Release */ = {
			isa = XCBuildConfiguration;
			buildSettings = {
				ALWAYS_SEARCH_USER_PATHS = NO;
				CLANG_ANALYZER_NONNULL = YES;
				CLANG_ANALYZER_NUMBER_OBJECT_CONVERSION = YES_AGGRESSIVE;
				CLANG_CXX_LANGUAGE_STANDARD = "gnu++14";
				CLANG_CXX_LIBRARY = "libc++";
				CLANG_ENABLE_MODULES = YES;
				CLANG_ENABLE_OBJC_ARC = YES;
				CLANG_ENABLE_OBJC_WEAK = YES;
				CLANG_WARN_BLOCK_CAPTURE_AUTORELEASING = YES;
				CLANG_WARN_BOOL_CONVERSION = YES;
				CLANG_WARN_COMMA = YES;
				CLANG_WARN_CONSTANT_CONVERSION = YES;
				CLANG_WARN_DEPRECATED_OBJC_IMPLEMENTATIONS = YES;
				CLANG_WARN_DIRECT_OBJC_ISA_USAGE = YES_ERROR;
				CLANG_WARN_DOCUMENTATION_COMMENTS = YES;
				CLANG_WARN_EMPTY_BODY = YES;
				CLANG_WARN_ENUM_CONVERSION = YES;
				CLANG_WARN_INFINITE_RECURSION = YES;
				CLANG_WARN_INT_CONVERSION = YES;
				CLANG_WARN_NON_LITERAL_NULL_CONVERSION = YES;
				CLANG_WARN_OBJC_IMPLICIT_RETAIN_SELF = YES;
				CLANG_WARN_OBJC_LITERAL_CONVERSION = YES;
				CLANG_WARN_OBJC_ROOT_CLASS = YES_ERROR;
				CLANG_WARN_QUOTED_INCLUDE_IN_FRAMEWORK_HEADER = YES;
				CLANG_WARN_RANGE_LOOP_ANALYSIS = YES;
				CLANG_WARN_STRICT_PROTOTYPES = YES;
				CLANG_WARN_SUSPICIOUS_MOVE = YES;
				CLANG_WARN_UNGUARDED_AVAILABILITY = YES_AGGRESSIVE;
				CLANG_WARN_UNREACHABLE_CODE = YES;
				CLANG_WARN__DUPLICATE_METHOD_MATCH = YES;
				COPY_PHASE_STRIP = NO;
				DEBUG_INFORMATION_FORMAT = "dwarf-with-dsym";
				ENABLE_NS_ASSERTIONS = NO;
				ENABLE_STRICT_OBJC_MSGSEND = YES;
				GCC_C_LANGUAGE_STANDARD = gnu11;
				GCC_NO_COMMON_BLOCKS = YES;
				GCC_WARN_64_TO_32_BIT_CONVERSION = YES;
				GCC_WARN_ABOUT_RETURN_TYPE = YES_ERROR;
				GCC_WARN_UNDECLARED_SELECTOR = YES;
				GCC_WARN_UNINITIALIZED_AUTOS = YES_AGGRESSIVE;
				GCC_WARN_UNUSED_FUNCTION = YES;
				GCC_WARN_UNUSED_VARIABLE = YES;
				MTL_ENABLE_DEBUG_INFO = NO;
				MTL_FAST_MATH = YES;
				SDKROOT = appletvos;
				SWIFT_COMPILATION_MODE = wholemodule;
				SWIFT_OPTIMIZATION_LEVEL = "-O";
				TVOS_DEPLOYMENT_TARGET = 14.5;
				VALIDATE_PRODUCT = YES;
			};
			name = Release;
		};
		220516BF26656233003AD414 /* Debug */ = {
			isa = XCBuildConfiguration;
			buildSettings = {
				ASSETCATALOG_COMPILER_APPICON_NAME = "App Icon & Top Shelf Image";
				ASSETCATALOG_COMPILER_GLOBAL_ACCENT_COLOR_NAME = AccentColor;
				CODE_SIGN_STYLE = Automatic;
				DEVELOPMENT_TEAM = RGBZBCSCUU;
				INFOPLIST_FILE = nostalgia/Info.plist;
				LD_RUNPATH_SEARCH_PATHS = (
					"$(inherited)",
					"@executable_path/Frameworks",
				);
				PRODUCT_BUNDLE_IDENTIFIER = eduardasenna.nostalgia;
				PRODUCT_NAME = "$(TARGET_NAME)";
				SWIFT_VERSION = 5.0;
				TARGETED_DEVICE_FAMILY = 3;
			};
			name = Debug;
		};
		220516C026656233003AD414 /* Release */ = {
			isa = XCBuildConfiguration;
			buildSettings = {
				ASSETCATALOG_COMPILER_APPICON_NAME = "App Icon & Top Shelf Image";
				ASSETCATALOG_COMPILER_GLOBAL_ACCENT_COLOR_NAME = AccentColor;
				CODE_SIGN_STYLE = Automatic;
				DEVELOPMENT_TEAM = RGBZBCSCUU;
				INFOPLIST_FILE = nostalgia/Info.plist;
				LD_RUNPATH_SEARCH_PATHS = (
					"$(inherited)",
					"@executable_path/Frameworks",
				);
				PRODUCT_BUNDLE_IDENTIFIER = eduardasenna.nostalgia;
				PRODUCT_NAME = "$(TARGET_NAME)";
				SWIFT_VERSION = 5.0;
				TARGETED_DEVICE_FAMILY = 3;
			};
			name = Release;
		};
/* End XCBuildConfiguration section */

/* Begin XCConfigurationList section */
		220516A126656231003AD414 /* Build configuration list for PBXProject "nostalgia" */ = {
			isa = XCConfigurationList;
			buildConfigurations = (
				220516BC26656233003AD414 /* Debug */,
				220516BD26656233003AD414 /* Release */,
			);
			defaultConfigurationIsVisible = 0;
			defaultConfigurationName = Release;
		};
		220516BE26656233003AD414 /* Build configuration list for PBXNativeTarget "nostalgia" */ = {
			isa = XCConfigurationList;
			buildConfigurations = (
				220516BF26656233003AD414 /* Debug */,
				220516C026656233003AD414 /* Release */,
			);
			defaultConfigurationIsVisible = 0;
			defaultConfigurationName = Release;
		};
/* End XCConfigurationList section */
	};
	rootObject = 2205169E26656231003AD414 /* Project object */;
}
